lockfileVersion: '9.0'

settings:
  autoInstallPeers: true
  excludeLinksFromLockfile: false

importers:

  .:
    dependencies:
      crossws:
        specifier: ^0.4.1
        version: 0.4.1(srvx@0.8.7)
      h3:
        specifier: 2.0.0-beta.4
        version: 2.0.0-beta.4(crossws@0.4.1(srvx@0.8.7))
      ofetch:
        specifier: ^1.4.1
        version: 1.4.1

packages:

  cookie-es@2.0.0:
    resolution: {integrity: sha512-RAj4E421UYRgqokKUmotqAwuplYw15qtdXfY+hGzgCJ/MBjCVZcSoHK/kH9kocfjRjcDME7IiDWR/1WX1TM2Pg==}

  crossws@0.4.1:
    resolution: {integrity: sha512-E7WKBcHVhAVrY6JYD5kteNqVq1GSZxqGrdSiwXR9at+XHi43HJoCQKXcCczR5LBnBquFZPsB3o7HklulKoBU5w==}
    peerDependencies:
      srvx: '>=0.7.1'
    peerDependenciesMeta:
      srvx:
        optional: true

  destr@2.0.5:
    resolution: {integrity: sha512-ugFTXCtDZunbzasqBxrK93Ik/DRYsO6S/fedkWEMKqt04xZ4csmnmwGDBAb07QWNaGMAmnTIemsYZCksjATwsA==}

  fetchdts@0.1.7:
    resolution: {integrity: sha512-YoZjBdafyLIop9lSxXVI33oLD5kN31q4Td+CasofLLYeLXRFeOsuOw0Uo+XNRi9PZlbfdlN2GmRtm4tCEQ9/KA==}

  h3@2.0.0-beta.4:
    resolution: {integrity: sha512-/JdwHUGuHjbBXAVxQN7T7QeI9cVlhsqMKVNFHebZVs9RoEYH85Ogh9O1DEy/1ZiJkmMwa1gNg6bBcGhc1Itjdg==}
    engines: {node: '>=20.11.1'}
    peerDependencies:
      crossws: ^0.4.1
    peerDependenciesMeta:
      crossws:
        optional: true

  node-fetch-native@1.6.7:
    resolution: {integrity: sha512-g9yhqoedzIUm0nTnTqAQvueMPVOuIY16bqgAJJC8XOOubYFNwz6IER9qs0Gq2Xd0+CecCKFjtdDTMA4u4xG06Q==}

  ofetch@1.4.1:
    resolution: {integrity: sha512-QZj2DfGplQAr2oj9KzceK9Hwz6Whxazmn85yYeVuS3u9XTMOGMRx0kO95MQ+vLsj/S/NwBDMMLU5hpxvI6Tklw==}

  rou3@0.7.3:
    resolution: {integrity: sha512-KKenF/hB2iIhS1ohj226LT+/8uKCBpSMqeS4V1UPN9vad99uLoyIhrULRRB1skaB40LQHcBlSsAi3sT8MaoDDQ==}

  srvx@0.8.7:
    resolution: {integrity: sha512-g3+15LlwVOGL2QpoTPZlvRjg+9a5Tx/69CatXjFP6txvhIaW2FmGyzJfb8yft5wyfGddvJmP/Yx+e/uNDMRSLQ==}
    engines: {node: '>=20.16.0'}
    hasBin: true

  ufo@1.6.1:
    resolution: {integrity: sha512-9a4/uxlTWJ4+a5i0ooc1rU7C7YOw3wT+UGqdeNNHWnOF9qcMBgLRS+4IYUqbczewFx4mLEig6gawh7X6mFlEkA==}

snapshots:

  cookie-es@2.0.0: {}

  crossws@0.4.1(srvx@0.8.7):
    optionalDependencies:
      srvx: 0.8.7

  destr@2.0.5: {}

  fetchdts@0.1.7: {}

  h3@2.0.0-beta.4(crossws@0.4.1(srvx@0.8.7)):
    dependencies:
      cookie-es: 2.0.0
      fetchdts: 0.1.7
      rou3: 0.7.3
      srvx: 0.8.7
    optionalDependencies:
      crossws: 0.4.1(srvx@0.8.7)

  node-fetch-native@1.6.7: {}

  ofetch@1.4.1:
    dependencies:
      destr: 2.0.5
      node-fetch-native: 1.6.7
      ufo: 1.6.1

  rou3@0.7.3: {}

  srvx@0.8.7:
    dependencies:
      cookie-es: 2.0.0

  ufo@1.6.1: {}
